
Microsoft Visual Studio Solution File, Format Version 12.00
# Visual Studio Version 17
VisualStudioVersion = 17.10.34916.146
MinimumVisualStudioVersion = 10.0.40219.1
Project("{888888A0-9F3D-457C-B088-3A5042F75D52}") = "GroceryHelper", "GroceryHelper\GroceryHelper.pyproj", "{2278CAC1-CA07-427E-81F5-8E193E4CB366}"
EndProject
Global
	GlobalSection(SolutionConfigurationPlatforms) = preSolution
		Debug|Any CPU = Debug|Any CPU
		Release|Any CPU = Release|Any CPU
	EndGlobalSection
	GlobalSection(ProjectConfigurationPlatforms) = postSolution
		{2278CAC1-CA07-427E-81F5-8E193E4CB366}.Debug|Any CPU.ActiveCfg = Debug|Any CPU
		{2278CAC1-CA07-427E-81F5-8E193E4CB366}.Release|Any CPU.ActiveCfg = Release|Any CPU
	EndGlobalSection
	GlobalSection(SolutionProperties) = preSolution
		HideSolutionNode = FALSE
	EndGlobalSection
	GlobalSection(ExtensibilityGlobals) = postSolution
		SolutionGuid = {68223A37-41DA-4941-BD83-6A4BE5ACE547}
	EndGlobalSection
EndGlobal
